// !$*UTF8*$!
{
	archiveVersion = 1;
	classes = {
	};
	objectVersion = 77;
	objects = {

/* Begin PBXContainerItemProxy section */
		A52CF2C42D4EAA69004A552C /* PBXContainerItemProxy */ = {
			isa = PBXContainerItemProxy;
			containerPortal = A52CF2AA2D4EAA68004A552C /* Project object */;
			proxyType = 1;
			remoteGlobalIDString = A52CF2B12D4EAA68004A552C;
			remoteInfo = simforgeGUIHelper;
		};
		A52CF2CE2D4EAA69004A552C /* PBXContainerItemProxy */ = {
			isa = PBXContainerItemProxy;
			containerPortal = A52CF2AA2D4EAA68004A552C /* Project object */;
			proxyType = 1;
			remoteGlobalIDString = A52CF2B12D4EAA68004A552C;
			remoteInfo = simforgeGUIHelper;
		};
/* End PBXContainerItemProxy section */

/* Begin PBXFileReference section */
		A52CF2B22D4EAA68004A552C /* simforgeGUIHelper.app */ = {isa = PBXFileReference; explicitFileType = wrapper.application; includeInIndex = 0; path = simforgeGUIHelper.app; sourceTree = BUILT_PRODUCTS_DIR; };
		A52CF2C32D4EAA69004A552C /* simforgeGUIHelperTests.xctest */ = {isa = PBXFileReference; explicitFileType = wrapper.cfbundle; includeInIndex = 0; path = simforgeGUIHelperTests.xctest; sourceTree = BUILT_PRODUCTS_DIR; };
		A52CF2CD2D4EAA69004A552C /* simforgeGUIHelperUITests.xctest */ = {isa = PBXFileReference; explicitFileType = wrapper.cfbundle; includeInIndex = 0; path = simforgeGUIHelperUITests.xctest; sourceTree = BUILT_PRODUCTS_DIR; };
/* End PBXFileReference section */

/* Begin PBXFileSystemSynchronizedRootGroup section */
		A52CF2B42D4EAA68004A552C /* simforgeGUIHelper */ = {
			isa = PBXFileSystemSynchronizedRootGroup;
			path = simforgeGUIHelper;
			sourceTree = "<group>";
		};
		A52CF2C62D4EAA69004A552C /* simforgeGUIHelperTests */ = {
			isa = PBXFileSystemSynchronizedRootGroup;
			path = simforgeGUIHelperTests;
			sourceTree = "<group>";
		};
		A52CF2D02D4EAA69004A552C /* simforgeGUIHelperUITests */ = {
			isa = PBXFileSystemSynchronizedRootGroup;
			path = simforgeGUIHelperUITests;
			sourceTree = "<group>";
		};
/* End PBXFileSystemSynchronizedRootGroup section */

/* Begin PBXFrameworksBuildPhase section */
		A52CF2AF2D4EAA68004A552C /* Frameworks */ = {
			isa = PBXFrameworksBuildPhase;
			buildActionMask = 2147483647;
			files = (
			);
			runOnlyForDeploymentPostprocessing = 0;
		};
		A52CF2C02D4EAA69004A552C /* Frameworks */ = {
			isa = PBXFrameworksBuildPhase;
			buildActionMask = 2147483647;
			files = (
			);
			runOnlyForDeploymentPostprocessing = 0;
		};
		A52CF2CA2D4EAA69004A552C /* Frameworks */ = {
			isa = PBXFrameworksBuildPhase;
			buildActionMask = 2147483647;
			files = (
			);
			runOnlyForDeploymentPostprocessing = 0;
		};
/* End PBXFrameworksBuildPhase section */

/* Begin PBXGroup section */
		A52CF2A92D4EAA68004A552C = {
			isa = PBXGroup;
			children = (
				A52CF2B42D4EAA68004A552C /* simforgeGUIHelper */,
				A52CF2C62D4EAA69004A552C /* simforgeGUIHelperTests */,
				A52CF2D02D4EAA69004A552C /* simforgeGUIHelperUITests */,
				A52CF2B32D4EAA68004A552C /* Products */,
			);
			sourceTree = "<group>";
		};
		A52CF2B32D4EAA68004A552C /* Products */ = {
			isa = PBXGroup;
			children = (
				A52CF2B22D4EAA68004A552C /* simforgeGUIHelper.app */,
				A52CF2C32D4EAA69004A552C /* simforgeGUIHelperTests.xctest */,
				A52CF2CD2D4EAA69004A552C /* simforgeGUIHelperUITests.xctest */,
			);
			name = Products;
			sourceTree = "<group>";
		};
/* End PBXGroup section */

/* Begin PBXNativeTarget section */
		A52CF2B12D4EAA68004A552C /* simforgeGUIHelper */ = {
			isa = PBXNativeTarget;
			buildConfigurationList = A52CF2D72D4EAA69004A552C /* Build configuration list for PBXNativeTarget "simforgeGUIHelper" */;
			buildPhases = (
				A52CF2AE2D4EAA68004A552C /* Sources */,
				A52CF2AF2D4EAA68004A552C /* Frameworks */,
				A52CF2B02D4EAA68004A552C /* Resources */,
			);
			buildRules = (
			);
			dependencies = (
			);
			fileSystemSynchronizedGroups = (
				A52CF2B42D4EAA68004A552C /* simforgeGUIHelper */,
			);
			name = simforgeGUIHelper;
			packageProductDependencies = (
			);
			productName = simforgeGUIHelper;
			productReference = A52CF2B22D4EAA68004A552C /* simforgeGUIHelper.app */;
			productType = "com.apple.product-type.application";
		};
		A52CF2C22D4EAA69004A552C /* simforgeGUIHelperTests */ = {
			isa = PBXNativeTarget;
			buildConfigurationList = A52CF2DA2D4EAA69004A552C /* Build configuration list for PBXNativeTarget "simforgeGUIHelperTests" */;
			buildPhases = (
				A52CF2BF2D4EAA69004A552C /* Sources */,
				A52CF2C02D4EAA69004A552C /* Frameworks */,
				A52CF2C12D4EAA69004A552C /* Resources */,
			);
			buildRules = (
			);
			dependencies = (
				A52CF2C52D4EAA69004A552C /* PBXTargetDependency */,
			);
			fileSystemSynchronizedGroups = (
				A52CF2C62D4EAA69004A552C /* simforgeGUIHelperTests */,
			);
			name = simforgeGUIHelperTests;
			packageProductDependencies = (
			);
			productName = simforgeGUIHelperTests;
			productReference = A52CF2C32D4EAA69004A552C /* simforgeGUIHelperTests.xctest */;
			productType = "com.apple.product-type.bundle.unit-test";
		};
		A52CF2CC2D4EAA69004A552C /* simforgeGUIHelperUITests */ = {
			isa = PBXNativeTarget;
			buildConfigurationList = A52CF2DD2D4EAA69004A552C /* Build configuration list for PBXNativeTarget "simforgeGUIHelperUITests" */;
			buildPhases = (
				A52CF2C92D4EAA69004A552C /* Sources */,
				A52CF2CA2D4EAA69004A552C /* Frameworks */,
				A52CF2CB2D4EAA69004A552C /* Resources */,
			);
			buildRules = (
			);
			dependencies = (
				A52CF2CF2D4EAA69004A552C /* PBXTargetDependency */,
			);
			fileSystemSynchronizedGroups = (
				A52CF2D02D4EAA69004A552C /* simforgeGUIHelperUITests */,
			);
			name = simforgeGUIHelperUITests;
			packageProductDependencies = (
			);
			productName = simforgeGUIHelperUITests;
			productReference = A52CF2CD2D4EAA69004A552C /* simforgeGUIHelperUITests.xctest */;
			productType = "com.apple.product-type.bundle.ui-testing";
		};
/* End PBXNativeTarget section */

/* Begin PBXProject section */
		A52CF2AA2D4EAA68004A552C /* Project object */ = {
			isa = PBXProject;
			attributes = {
				BuildIndependentTargetsInParallel = 1;
				LastSwiftUpdateCheck = 1620;
				LastUpgradeCheck = 1620;
				TargetAttributes = {
					A52CF2B12D4EAA68004A552C = {
						CreatedOnToolsVersion = 16.2;
					};
					A52CF2C22D4EAA69004A552C = {
						CreatedOnToolsVersion = 16.2;
						TestTargetID = A52CF2B12D4EAA68004A552C;
					};
					A52CF2CC2D4EAA69004A552C = {
						CreatedOnToolsVersion = 16.2;
						TestTargetID = A52CF2B12D4EAA68004A552C;
					};
				};
			};
			buildConfigurationList = A52CF2AD2D4EAA68004A552C /* Build configuration list for PBXProject "simforgeGUIHelper" */;
			developmentRegion = en;
			hasScannedForEncodings = 0;
			knownRegions = (
				en,
				Base,
			);
			mainGroup = A52CF2A92D4EAA68004A552C;
			minimizedProjectReferenceProxies = 1;
			preferredProjectObjectVersion = 77;
			productRefGroup = A52CF2B32D4EAA68004A552C /* Products */;
			projectDirPath = "";
			projectRoot = "";
			targets = (
				A52CF2B12D4EAA68004A552C /* simforgeGUIHelper */,
				A52CF2C22D4EAA69004A552C /* simforgeGUIHelperTests */,
				A52CF2CC2D4EAA69004A552C /* simforgeGUIHelperUITests */,
			);
		};
/* End PBXProject section */

/* Begin PBXResourcesBuildPhase section */
		A52CF2B02D4EAA68004A552C /* Resources */ = {
			isa = PBXResourcesBuildPhase;
			buildActionMask = 2147483647;
			files = (
			);
			runOnlyForDeploymentPostprocessing = 0;
		};
		A52CF2C12D4EAA69004A552C /* Resources */ = {
			isa = PBXResourcesBuildPhase;
			buildActionMask = 2147483647;
			files = (
			);
			runOnlyForDeploymentPostprocessing = 0;
		};
		A52CF2CB2D4EAA69004A552C /* Resources */ = {
			isa = PBXResourcesBuildPhase;
			buildActionMask = 2147483647;
			files = (
			);
			runOnlyForDeploymentPostprocessing = 0;
		};
/* End PBXResourcesBuildPhase section */

/* Begin PBXSourcesBuildPhase section */
		A52CF2AE2D4EAA68004A552C /* Sources */ = {
			isa = PBXSourcesBuildPhase;
			buildActionMask = 2147483647;
			files = (
			);
			runOnlyForDeploymentPostprocessing = 0;
		};
		A52CF2BF2D4EAA69004A552C /* Sources */ = {
			isa = PBXSourcesBuildPhase;
			buildActionMask = 2147483647;
			files = (
			);
			runOnlyForDeploymentPostprocessing = 0;
		};
		A52CF2C92D4EAA69004A552C /* Sources */ = {
			isa = PBXSourcesBuildPhase;
			buildActionMask = 2147483647;
			files = (
			);
			runOnlyForDeploymentPostprocessing = 0;
		};
/* End PBXSourcesBuildPhase section */

/* Begin PBXTargetDependency section */
		A52CF2C52D4EAA69004A552C /* PBXTargetDependency */ = {
			isa = PBXTargetDependency;
			target = A52CF2B12D4EAA68004A552C /* simforgeGUIHelper */;
			targetProxy = A52CF2C42D4EAA69004A552C /* PBXContainerItemProxy */;
		};
		A52CF2CF2D4EAA69004A552C /* PBXTargetDependency */ = {
			isa = PBXTargetDependency;
			target = A52CF2B12D4EAA68004A552C /* simforgeGUIHelper */;
			targetProxy = A52CF2CE2D4EAA69004A552C /* PBXContainerItemProxy */;
		};
/* End PBXTargetDependency section */

/* Begin XCBuildConfiguration section */
		A52CF2D52D4EAA69004A552C /* Debug */ = {
			isa = XCBuildConfiguration;
			buildSettings = {
				ALWAYS_SEARCH_USER_PATHS = NO;
				ASSETCATALOG_COMPILER_GENERATE_SWIFT_ASSET_SYMBOL_EXTENSIONS = YES;
				CLANG_ANALYZER_NONNULL = YES;
				CLANG_ANALYZER_NUMBER_OBJECT_CONVERSION = YES_AGGRESSIVE;
				CLANG_CXX_LANGUAGE_STANDARD = "gnu++20";
				CLANG_ENABLE_MODULES = YES;
				CLANG_ENABLE_OBJC_ARC = YES;
				CLANG_ENABLE_OBJC_WEAK = YES;
				CLANG_WARN_BLOCK_CAPTURE_AUTORELEASING = YES;
				CLANG_WARN_BOOL_CONVERSION = YES;
				CLANG_WARN_COMMA = YES;
				CLANG_WARN_CONSTANT_CONVERSION = YES;
				CLANG_WARN_DEPRECATED_OBJC_IMPLEMENTATIONS = YES;
				CLANG_WARN_DIRECT_OBJC_ISA_USAGE = YES_ERROR;
				CLANG_WARN_DOCUMENTATION_COMMENTS = YES;
				CLANG_WARN_EMPTY_BODY = YES;
				CLANG_WARN_ENUM_CONVERSION = YES;
				CLANG_WARN_INFINITE_RECURSION = YES;
				CLANG_WARN_INT_CONVERSION = YES;
				CLANG_WARN_NON_LITERAL_NULL_CONVERSION = YES;
				CLANG_WARN_OBJC_IMPLICIT_RETAIN_SELF = YES;
				CLANG_WARN_OBJC_LITERAL_CONVERSION = YES;
				CLANG_WARN_OBJC_ROOT_CLASS = YES_ERROR;
				CLANG_WARN_QUOTED_INCLUDE_IN_FRAMEWORK_HEADER = YES;
				CLANG_WARN_RANGE_LOOP_ANALYSIS = YES;
				CLANG_WARN_STRICT_PROTOTYPES = YES;
				CLANG_WARN_SUSPICIOUS_MOVE = YES;
				CLANG_WARN_UNGUARDED_AVAILABILITY = YES_AGGRESSIVE;
				CLANG_WARN_UNREACHABLE_CODE = YES;
				CLANG_WARN__DUPLICATE_METHOD_MATCH = YES;
				COPY_PHASE_STRIP = NO;
				DEBUG_INFORMATION_FORMAT = dwarf;
				ENABLE_STRICT_OBJC_MSGSEND = YES;
				ENABLE_TESTABILITY = YES;
				ENABLE_USER_SCRIPT_SANDBOXING = YES;
				GCC_C_LANGUAGE_STANDARD = gnu17;
				GCC_DYNAMIC_NO_PIC = NO;
				GCC_NO_COMMON_BLOCKS = YES;
				GCC_OPTIMIZATION_LEVEL = 0;
				GCC_PREPROCESSOR_DEFINITIONS = (
					"DEBUG=1",
					"$(inherited)",
				);
				GCC_WARN_64_TO_32_BIT_CONVERSION = YES;
				GCC_WARN_ABOUT_RETURN_TYPE = YES_ERROR;
				GCC_WARN_UNDECLARED_SELECTOR = YES;
				GCC_WARN_UNINITIALIZED_AUTOS = YES_AGGRESSIVE;
				GCC_WARN_UNUSED_FUNCTION = YES;
				GCC_WARN_UNUSED_VARIABLE = YES;
				LOCALIZATION_PREFERS_STRING_CATALOGS = YES;
				MACOSX_DEPLOYMENT_TARGET = 15.2;
				MTL_ENABLE_DEBUG_INFO = INCLUDE_SOURCE;
				MTL_FAST_MATH = YES;
				ONLY_ACTIVE_ARCH = YES;
				SDKROOT = macosx;
				SWIFT_ACTIVE_COMPILATION_CONDITIONS = "DEBUG $(inherited)";
				SWIFT_OPTIMIZATION_LEVEL = "-Onone";
			};
			name = Debug;
		};
		A52CF2D62D4EAA69004A552C /* Release */ = {
			isa = XCBuildConfiguration;
			buildSettings = {
				ALWAYS_SEARCH_USER_PATHS = NO;
				ASSETCATALOG_COMPILER_GENERATE_SWIFT_ASSET_SYMBOL_EXTENSIONS = YES;
				CLANG_ANALYZER_NONNULL = YES;
				CLANG_ANALYZER_NUMBER_OBJECT_CONVERSION = YES_AGGRESSIVE;
				CLANG_CXX_LANGUAGE_STANDARD = "gnu++20";
				CLANG_ENABLE_MODULES = YES;
				CLANG_ENABLE_OBJC_ARC = YES;
				CLANG_ENABLE_OBJC_WEAK = YES;
				CLANG_WARN_BLOCK_CAPTURE_AUTORELEASING = YES;
				CLANG_WARN_BOOL_CONVERSION = YES;
				CLANG_WARN_COMMA = YES;
				CLANG_WARN_CONSTANT_CONVERSION = YES;
				CLANG_WARN_DEPRECATED_OBJC_IMPLEMENTATIONS = YES;
				CLANG_WARN_DIRECT_OBJC_ISA_USAGE = YES_ERROR;
				CLANG_WARN_DOCUMENTATION_COMMENTS = YES;
				CLANG_WARN_EMPTY_BODY = YES;
				CLANG_WARN_ENUM_CONVERSION = YES;
				CLANG_WARN_INFINITE_RECURSION = YES;
				CLANG_WARN_INT_CONVERSION = YES;
				CLANG_WARN_NON_LITERAL_NULL_CONVERSION = YES;
				CLANG_WARN_OBJC_IMPLICIT_RETAIN_SELF = YES;
				CLANG_WARN_OBJC_LITERAL_CONVERSION = YES;
				CLANG_WARN_OBJC_ROOT_CLASS = YES_ERROR;
				CLANG_WARN_QUOTED_INCLUDE_IN_FRAMEWORK_HEADER = YES;
				CLANG_WARN_RANGE_LOOP_ANALYSIS = YES;
				CLANG_WARN_STRICT_PROTOTYPES = YES;
				CLANG_WARN_SUSPICIOUS_MOVE = YES;
				CLANG_WARN_UNGUARDED_AVAILABILITY = YES_AGGRESSIVE;
				CLANG_WARN_UNREACHABLE_CODE = YES;
				CLANG_WARN__DUPLICATE_METHOD_MATCH = YES;
				COPY_PHASE_STRIP = NO;
				DEBUG_INFORMATION_FORMAT = "dwarf-with-dsym";
				ENABLE_NS_ASSERTIONS = NO;
				ENABLE_STRICT_OBJC_MSGSEND = YES;
				ENABLE_USER_SCRIPT_SANDBOXING = YES;
				GCC_C_LANGUAGE_STANDARD = gnu17;
				GCC_NO_COMMON_BLOCKS = YES;
				GCC_WARN_64_TO_32_BIT_CONVERSION = YES;
				GCC_WARN_ABOUT_RETURN_TYPE = YES_ERROR;
				GCC_WARN_UNDECLARED_SELECTOR = YES;
				GCC_WARN_UNINITIALIZED_AUTOS = YES_AGGRESSIVE;
				GCC_WARN_UNUSED_FUNCTION = YES;
				GCC_WARN_UNUSED_VARIABLE = YES;
				LOCALIZATION_PREFERS_STRING_CATALOGS = YES;
				MACOSX_DEPLOYMENT_TARGET = 15.2;
				MTL_ENABLE_DEBUG_INFO = NO;
				MTL_FAST_MATH = YES;
				SDKROOT = macosx;
				SWIFT_COMPILATION_MODE = wholemodule;
			};
			name = Release;
		};
		A52CF2D82D4EAA69004A552C /* Debug */ = {
			isa = XCBuildConfiguration;
			buildSettings = {
				ASSETCATALOG_COMPILER_APPICON_NAME = AppIcon;
				ASSETCATALOG_COMPILER_GLOBAL_ACCENT_COLOR_NAME = AccentColor;
				CODE_SIGN_ENTITLEMENTS = simforgeGUIHelper/simforgeGUIHelper.entitlements;
				CODE_SIGN_STYLE = Automatic;
				COMBINE_HIDPI_IMAGES = YES;
				CURRENT_PROJECT_VERSION = 1;
				DEVELOPMENT_ASSET_PATHS = "\"simforgeGUIHelper/Preview Content\"";
				ENABLE_PREVIEWS = YES;
				GENERATE_INFOPLIST_FILE = YES;
				INFOPLIST_KEY_NSHumanReadableCopyright = "";
				LD_RUNPATH_SEARCH_PATHS = (
					"$(inherited)",
					"@executable_path/../Frameworks",
				);
				MARKETING_VERSION = 1.0;
				PRODUCT_BUNDLE_IDENTIFIER = macapp.simforgeGUIHelper;
				PRODUCT_NAME = "$(TARGET_NAME)";
				SWIFT_EMIT_LOC_STRINGS = YES;
				SWIFT_VERSION = 5.0;
			};
			name = Debug;
		};
		A52CF2D92D4EAA69004A552C /* Release */ = {
			isa = XCBuildConfiguration;
			buildSettings = {
				ASSETCATALOG_COMPILER_APPICON_NAME = AppIcon;
				ASSETCATALOG_COMPILER_GLOBAL_ACCENT_COLOR_NAME = AccentColor;
				CODE_SIGN_ENTITLEMENTS = simforgeGUIHelper/simforgeGUIHelper.entitlements;
				CODE_SIGN_STYLE = Automatic;
				COMBINE_HIDPI_IMAGES = YES;
				CURRENT_PROJECT_VERSION = 1;
				DEVELOPMENT_ASSET_PATHS = "\"simforgeGUIHelper/Preview Content\"";
				ENABLE_PREVIEWS = YES;
				GENERATE_INFOPLIST_FILE = YES;
				INFOPLIST_KEY_NSHumanReadableCopyright = "";
				LD_RUNPATH_SEARCH_PATHS = (
					"$(inherited)",
					"@executable_path/../Frameworks",
				);
				MARKETING_VERSION = 1.0;
				PRODUCT_BUNDLE_IDENTIFIER = macapp.simforgeGUIHelper;
				PRODUCT_NAME = "$(TARGET_NAME)";
				SWIFT_EMIT_LOC_STRINGS = YES;
				SWIFT_VERSION = 5.0;
			};
			name = Release;
		};
		A52CF2DB2D4EAA69004A552C /* Debug */ = {
			isa = XCBuildConfiguration;
			buildSettings = {
				BUNDLE_LOADER = "$(TEST_HOST)";
				CODE_SIGN_STYLE = Automatic;
				CURRENT_PROJECT_VERSION = 1;
				GENERATE_INFOPLIST_FILE = YES;
				MACOSX_DEPLOYMENT_TARGET = 15.2;
				MARKETING_VERSION = 1.0;
				PRODUCT_BUNDLE_IDENTIFIER = macapp.simforgeGUIHelperTests;
				PRODUCT_NAME = "$(TARGET_NAME)";
				SWIFT_EMIT_LOC_STRINGS = NO;
				SWIFT_VERSION = 5.0;
				TEST_HOST = "$(BUILT_PRODUCTS_DIR)/simforgeGUIHelper.app/$(BUNDLE_EXECUTABLE_FOLDER_PATH)/simforgeGUIHelper";
			};
			name = Debug;
		};
		A52CF2DC2D4EAA69004A552C /* Release */ = {
			isa = XCBuildConfiguration;
			buildSettings = {
				BUNDLE_LOADER = "$(TEST_HOST)";
				CODE_SIGN_STYLE = Automatic;
				CURRENT_PROJECT_VERSION = 1;
				GENERATE_INFOPLIST_FILE = YES;
				MACOSX_DEPLOYMENT_TARGET = 15.2;
				MARKETING_VERSION = 1.0;
				PRODUCT_BUNDLE_IDENTIFIER = macapp.simforgeGUIHelperTests;
				PRODUCT_NAME = "$(TARGET_NAME)";
				SWIFT_EMIT_LOC_STRINGS = NO;
				SWIFT_VERSION = 5.0;
				TEST_HOST = "$(BUILT_PRODUCTS_DIR)/simforgeGUIHelper.app/$(BUNDLE_EXECUTABLE_FOLDER_PATH)/simforgeGUIHelper";
			};
			name = Release;
		};
		A52CF2DE2D4EAA69004A552C /* Debug */ = {
			isa = XCBuildConfiguration;
			buildSettings = {
				CODE_SIGN_STYLE = Automatic;
				CURRENT_PROJECT_VERSION = 1;
				GENERATE_INFOPLIST_FILE = YES;
				MARKETING_VERSION = 1.0;
				PRODUCT_BUNDLE_IDENTIFIER = macapp.simforgeGUIHelperUITests;
				PRODUCT_NAME = "$(TARGET_NAME)";
				SWIFT_EMIT_LOC_STRINGS = NO;
				SWIFT_VERSION = 5.0;
				TEST_TARGET_NAME = simforgeGUIHelper;
			};
			name = Debug;
		};
		A52CF2DF2D4EAA69004A552C /* Release */ = {
			isa = XCBuildConfiguration;
			buildSettings = {
				CODE_SIGN_STYLE = Automatic;
				CURRENT_PROJECT_VERSION = 1;
				GENERATE_INFOPLIST_FILE = YES;
				MARKETING_VERSION = 1.0;
				PRODUCT_BUNDLE_IDENTIFIER = macapp.simforgeGUIHelperUITests;
				PRODUCT_NAME = "$(TARGET_NAME)";
				SWIFT_EMIT_LOC_STRINGS = NO;
				SWIFT_VERSION = 5.0;
				TEST_TARGET_NAME = simforgeGUIHelper;
			};
			name = Release;
		};
/* End XCBuildConfiguration section */

/* Begin XCConfigurationList section */
		A52CF2AD2D4EAA68004A552C /* Build configuration list for PBXProject "simforgeGUIHelper" */ = {
			isa = XCConfigurationList;
			buildConfigurations = (
				A52CF2D52D4EAA69004A552C /* Debug */,
				A52CF2D62D4EAA69004A552C /* Release */,
			);
			defaultConfigurationIsVisible = 0;
			defaultConfigurationName = Release;
		};
		A52CF2D72D4EAA69004A552C /* Build configuration list for PBXNativeTarget "simforgeGUIHelper" */ = {
			isa = XCConfigurationList;
			buildConfigurations = (
				A52CF2D82D4EAA69004A552C /* Debug */,
				A52CF2D92D4EAA69004A552C /* Release */,
			);
			defaultConfigurationIsVisible = 0;
			defaultConfigurationName = Release;
		};
		A52CF2DA2D4EAA69004A552C /* Build configuration list for PBXNativeTarget "simforgeGUIHelperTests" */ = {
			isa = XCConfigurationList;
			buildConfigurations = (
				A52CF2DB2D4EAA69004A552C /* Debug */,
				A52CF2DC2D4EAA69004A552C /* Release */,
			);
			defaultConfigurationIsVisible = 0;
			defaultConfigurationName = Release;
		};
		A52CF2DD2D4EAA69004A552C /* Build configuration list for PBXNativeTarget "simforgeGUIHelperUITests" */ = {
			isa = XCConfigurationList;
			buildConfigurations = (
				A52CF2DE2D4EAA69004A552C /* Debug */,
				A52CF2DF2D4EAA69004A552C /* Release */,
			);
			defaultConfigurationIsVisible = 0;
			defaultConfigurationName = Release;
		};
/* End XCConfigurationList section */
	};
	rootObject = A52CF2AA2D4EAA68004A552C /* Project object */;
}
